
Microsoft Visual Studio Solution File, Format Version 12.00
# Visual Studio Version 16
VisualStudioVersion = 16.0.29911.84
MinimumVisualStudioVersion = 10.0.40219.1
Project("{F184B08F-C81C-45F6-A57F-5ABD9991F28F}") = "Falai", "FalaAi\Falai.vbproj", "{295B362B-03F9-4800-B19C-DFBE1EF41D4A}"
EndProject
Project("{F184B08F-C81C-45F6-A57F-5ABD9991F28F}") = "FalaiDB", "FalaiDB\FalaiDB.vbproj", "{43A577EF-2443-4EF9-8525-843946E5015D}"
EndProject
Global
	GlobalSection(SolutionConfigurationPlatforms) = preSolution
		Debug|Any CPU = Debug|Any CPU
		Release|Any CPU = Release|Any CPU
	EndGlobalSection
	GlobalSection(ProjectConfigurationPlatforms) = postSolution
		{295B362B-03F9-4800-B19C-DFBE1EF41D4A}.Debug|Any CPU.ActiveCfg = Debug|Any CPU
		{295B362B-03F9-4800-B19C-DFBE1EF41D4A}.Debug|Any CPU.Build.0 = Debug|Any CPU
		{295B362B-03F9-4800-B19C-DFBE1EF41D4A}.Release|Any CPU.ActiveCfg = Release|Any CPU
		{295B362B-03F9-4800-B19C-DFBE1EF41D4A}.Release|Any CPU.Build.0 = Release|Any CPU
		{43A577EF-2443-4EF9-8525-843946E5015D}.Debug|Any CPU.ActiveCfg = Debug|Any CPU
		{43A577EF-2443-4EF9-8525-843946E5015D}.Debug|Any CPU.Build.0 = Debug|Any CPU
		{43A577EF-2443-4EF9-8525-843946E5015D}.Release|Any CPU.ActiveCfg = Release|Any CPU
		{43A577EF-2443-4EF9-8525-843946E5015D}.Release|Any CPU.Build.0 = Release|Any CPU
	EndGlobalSection
	GlobalSection(SolutionProperties) = preSolution
		HideSolutionNode = FALSE
	EndGlobalSection
	GlobalSection(ExtensibilityGlobals) = postSolution
		SolutionGuid = {EA2CBC4F-53C3-4FEF-9AC9-7E429F3BB5C8}
	EndGlobalSection
EndGlobal
